
Microsoft Visual Studio Solution File, Format Version 12.00
# Visual Studio Version 16
VisualStudioVersion = 16.0.29609.76
MinimumVisualStudioVersion = 10.0.40219.1
Project("{FAE04EC0-301F-11D3-BF4B-00C04F79EFBC}") = "Geometri h2", "Geometri h2\Geometri h2.csproj", "{B2564332-8604-497F-84A9-5EA1436899E6}"
EndProject
Global
	GlobalSection(SolutionConfigurationPlatforms) = preSolution
		Debug|Any CPU = Debug|Any CPU
		Release|Any CPU = Release|Any CPU
	EndGlobalSection
	GlobalSection(ProjectConfigurationPlatforms) = postSolution
		{B2564332-8604-497F-84A9-5EA1436899E6}.Debug|Any CPU.ActiveCfg = Debug|Any CPU
		{B2564332-8604-497F-84A9-5EA1436899E6}.Debug|Any CPU.Build.0 = Debug|Any CPU
		{B2564332-8604-497F-84A9-5EA1436899E6}.Release|Any CPU.ActiveCfg = Release|Any CPU
		{B2564332-8604-497F-84A9-5EA1436899E6}.Release|Any CPU.Build.0 = Release|Any CPU
	EndGlobalSection
	GlobalSection(SolutionProperties) = preSolution
		HideSolutionNode = FALSE
	EndGlobalSection
	GlobalSection(ExtensibilityGlobals) = postSolution
		SolutionGuid = {0F98C706-D187-4FA7-9870-628D14F8CEF6}
	EndGlobalSection
EndGlobal
