
Microsoft Visual Studio Solution File, Format Version 12.00
# Visual Studio Version 16
VisualStudioVersion = 16.0.29609.76
MinimumVisualStudioVersion = 10.0.40219.1
Project("{FAE04EC0-301F-11D3-BF4B-00C04F79EFBC}") = "Mybanker", "Mybanker\Mybanker.csproj", "{CBB18297-ACB6-4156-AC99-D21CD12192A2}"
EndProject
Global
	GlobalSection(SolutionConfigurationPlatforms) = preSolution
		Debug|Any CPU = Debug|Any CPU
		Release|Any CPU = Release|Any CPU
	EndGlobalSection
	GlobalSection(ProjectConfigurationPlatforms) = postSolution
		{CBB18297-ACB6-4156-AC99-D21CD12192A2}.Debug|Any CPU.ActiveCfg = Debug|Any CPU
		{CBB18297-ACB6-4156-AC99-D21CD12192A2}.Debug|Any CPU.Build.0 = Debug|Any CPU
		{CBB18297-ACB6-4156-AC99-D21CD12192A2}.Release|Any CPU.ActiveCfg = Release|Any CPU
		{CBB18297-ACB6-4156-AC99-D21CD12192A2}.Release|Any CPU.Build.0 = Release|Any CPU
	EndGlobalSection
	GlobalSection(SolutionProperties) = preSolution
		HideSolutionNode = FALSE
	EndGlobalSection
	GlobalSection(ExtensibilityGlobals) = postSolution
		SolutionGuid = {A1FBF454-00A1-41E1-911C-5E7E5205076A}
	EndGlobalSection
EndGlobal
