
Microsoft Visual Studio Solution File, Format Version 12.00
# Visual Studio Version 16
VisualStudioVersion = 16.0.29519.87
MinimumVisualStudioVersion = 10.0.40219.1
Project("{FAE04EC0-301F-11D3-BF4B-00C04F79EFBC}") = "Varme drikke", "Varme drikke\Varme drikke.csproj", "{D5392F27-4391-457D-A29F-A12AB0F82FFE}"
EndProject
Global
	GlobalSection(SolutionConfigurationPlatforms) = preSolution
		Debug|Any CPU = Debug|Any CPU
		Release|Any CPU = Release|Any CPU
	EndGlobalSection
	GlobalSection(ProjectConfigurationPlatforms) = postSolution
		{D5392F27-4391-457D-A29F-A12AB0F82FFE}.Debug|Any CPU.ActiveCfg = Debug|Any CPU
		{D5392F27-4391-457D-A29F-A12AB0F82FFE}.Debug|Any CPU.Build.0 = Debug|Any CPU
		{D5392F27-4391-457D-A29F-A12AB0F82FFE}.Release|Any CPU.ActiveCfg = Release|Any CPU
		{D5392F27-4391-457D-A29F-A12AB0F82FFE}.Release|Any CPU.Build.0 = Release|Any CPU
	EndGlobalSection
	GlobalSection(SolutionProperties) = preSolution
		HideSolutionNode = FALSE
	EndGlobalSection
	GlobalSection(ExtensibilityGlobals) = postSolution
		SolutionGuid = {53EBEF78-3744-4F8F-9BDF-0AF480B461DB}
	EndGlobalSection
EndGlobal
