
Microsoft Visual Studio Solution File, Format Version 12.00
# Visual Studio Version 16
VisualStudioVersion = 16.0.29609.76
MinimumVisualStudioVersion = 10.0.40219.1
Project("{FAE04EC0-301F-11D3-BF4B-00C04F79EFBC}") = "Interface fif", "Interface fif\Interface fif.csproj", "{2589A20A-6689-4651-AA63-4F130EA14761}"
EndProject
Global
	GlobalSection(SolutionConfigurationPlatforms) = preSolution
		Debug|Any CPU = Debug|Any CPU
		Release|Any CPU = Release|Any CPU
	EndGlobalSection
	GlobalSection(ProjectConfigurationPlatforms) = postSolution
		{2589A20A-6689-4651-AA63-4F130EA14761}.Debug|Any CPU.ActiveCfg = Debug|Any CPU
		{2589A20A-6689-4651-AA63-4F130EA14761}.Debug|Any CPU.Build.0 = Debug|Any CPU
		{2589A20A-6689-4651-AA63-4F130EA14761}.Release|Any CPU.ActiveCfg = Release|Any CPU
		{2589A20A-6689-4651-AA63-4F130EA14761}.Release|Any CPU.Build.0 = Release|Any CPU
	EndGlobalSection
	GlobalSection(SolutionProperties) = preSolution
		HideSolutionNode = FALSE
	EndGlobalSection
	GlobalSection(ExtensibilityGlobals) = postSolution
		SolutionGuid = {EE7493C7-2AE0-41A6-B491-635C48C61918}
	EndGlobalSection
EndGlobal
