
Microsoft Visual Studio Solution File, Format Version 12.00
# Visual Studio Version 16
VisualStudioVersion = 16.0.29306.81
MinimumVisualStudioVersion = 10.0.40219.1
Project("{FAE04EC0-301F-11D3-BF4B-00C04F79EFBC}") = "MyBanker - Console", "MyBanker - Console\MyBanker - Console.csproj", "{FD9DE43F-F31A-41AA-9DE3-2F2392F3D8BA}"
EndProject
Global
	GlobalSection(SolutionConfigurationPlatforms) = preSolution
		Debug|Any CPU = Debug|Any CPU
		Release|Any CPU = Release|Any CPU
	EndGlobalSection
	GlobalSection(ProjectConfigurationPlatforms) = postSolution
		{FD9DE43F-F31A-41AA-9DE3-2F2392F3D8BA}.Debug|Any CPU.ActiveCfg = Debug|Any CPU
		{FD9DE43F-F31A-41AA-9DE3-2F2392F3D8BA}.Debug|Any CPU.Build.0 = Debug|Any CPU
		{FD9DE43F-F31A-41AA-9DE3-2F2392F3D8BA}.Release|Any CPU.ActiveCfg = Release|Any CPU
		{FD9DE43F-F31A-41AA-9DE3-2F2392F3D8BA}.Release|Any CPU.Build.0 = Release|Any CPU
	EndGlobalSection
	GlobalSection(SolutionProperties) = preSolution
		HideSolutionNode = FALSE
	EndGlobalSection
	GlobalSection(ExtensibilityGlobals) = postSolution
		SolutionGuid = {CF99C036-275A-4C4E-8784-88EB5E7758B6}
	EndGlobalSection
EndGlobal
