
Microsoft Visual Studio Solution File, Format Version 12.00
# Visual Studio Version 16
VisualStudioVersion = 16.0.29609.76
MinimumVisualStudioVersion = 10.0.40219.1
Project("{FAE04EC0-301F-11D3-BF4B-00C04F79EFBC}") = "Bagagesorteringsystem", "Bagagesorteringsystem\Bagagesorteringsystem.csproj", "{6F9D89C9-2B67-4893-9BB4-70D451D10E39}"
EndProject
Global
	GlobalSection(SolutionConfigurationPlatforms) = preSolution
		Debug|Any CPU = Debug|Any CPU
		Release|Any CPU = Release|Any CPU
	EndGlobalSection
	GlobalSection(ProjectConfigurationPlatforms) = postSolution
		{6F9D89C9-2B67-4893-9BB4-70D451D10E39}.Debug|Any CPU.ActiveCfg = Debug|Any CPU
		{6F9D89C9-2B67-4893-9BB4-70D451D10E39}.Debug|Any CPU.Build.0 = Debug|Any CPU
		{6F9D89C9-2B67-4893-9BB4-70D451D10E39}.Release|Any CPU.ActiveCfg = Release|Any CPU
		{6F9D89C9-2B67-4893-9BB4-70D451D10E39}.Release|Any CPU.Build.0 = Release|Any CPU
	EndGlobalSection
	GlobalSection(SolutionProperties) = preSolution
		HideSolutionNode = FALSE
	EndGlobalSection
	GlobalSection(ExtensibilityGlobals) = postSolution
		SolutionGuid = {9D344DA8-2787-45CB-A483-00315A295AC2}
	EndGlobalSection
EndGlobal
