
Microsoft Visual Studio Solution File, Format Version 12.00
# Visual Studio Version 16
VisualStudioVersion = 16.0.29519.87
MinimumVisualStudioVersion = 10.0.40219.1
Project("{FAE04EC0-301F-11D3-BF4B-00C04F79EFBC}") = "Basis trådøvelser", "Basis trådøvelser\Basis trådøvelser.csproj", "{C3BE260F-333F-402F-B011-5D5F81339B82}"
EndProject
Global
	GlobalSection(SolutionConfigurationPlatforms) = preSolution
		Debug|Any CPU = Debug|Any CPU
		Release|Any CPU = Release|Any CPU
	EndGlobalSection
	GlobalSection(ProjectConfigurationPlatforms) = postSolution
		{C3BE260F-333F-402F-B011-5D5F81339B82}.Debug|Any CPU.ActiveCfg = Debug|Any CPU
		{C3BE260F-333F-402F-B011-5D5F81339B82}.Debug|Any CPU.Build.0 = Debug|Any CPU
		{C3BE260F-333F-402F-B011-5D5F81339B82}.Release|Any CPU.ActiveCfg = Release|Any CPU
		{C3BE260F-333F-402F-B011-5D5F81339B82}.Release|Any CPU.Build.0 = Release|Any CPU
	EndGlobalSection
	GlobalSection(SolutionProperties) = preSolution
		HideSolutionNode = FALSE
	EndGlobalSection
	GlobalSection(ExtensibilityGlobals) = postSolution
		SolutionGuid = {C434B09E-6D8D-4DD2-8539-0720B7BE0391}
	EndGlobalSection
EndGlobal
